
Microsoft Visual Studio Solution File, Format Version 12.00
# Visual Studio Version 17
VisualStudioVersion = 17.7.34031.279
MinimumVisualStudioVersion = 10.0.40219.1
Project("{9A19103F-16F7-4668-BE54-9A1E7A4F7556}") = "FinalBackend", "FinalBackend\FinalBackend.csproj", "{0BB577B5-F3DC-4781-8FEF-44814EF3A107}"
EndProject
Project("{FAE04EC0-301F-11D3-BF4B-00C04F79EFBC}") = "FinalBackend.Services", "FinalBackend.Services\FinalBackend.Services.csproj", "{EEEE3353-89A2-4C01-BCE2-9D012DC6243C}"
EndProject
Global
	GlobalSection(SolutionConfigurationPlatforms) = preSolution
		Debug|Any CPU = Debug|Any CPU
		Release|Any CPU = Release|Any CPU
	EndGlobalSection
	GlobalSection(ProjectConfigurationPlatforms) = postSolution
		{0BB577B5-F3DC-4781-8FEF-44814EF3A107}.Debug|Any CPU.ActiveCfg = Debug|Any CPU
		{0BB577B5-F3DC-4781-8FEF-44814EF3A107}.Debug|Any CPU.Build.0 = Debug|Any CPU
		{0BB577B5-F3DC-4781-8FEF-44814EF3A107}.Release|Any CPU.ActiveCfg = Release|Any CPU
		{0BB577B5-F3DC-4781-8FEF-44814EF3A107}.Release|Any CPU.Build.0 = Release|Any CPU
		{EEEE3353-89A2-4C01-BCE2-9D012DC6243C}.Debug|Any CPU.ActiveCfg = Debug|Any CPU
		{EEEE3353-89A2-4C01-BCE2-9D012DC6243C}.Debug|Any CPU.Build.0 = Debug|Any CPU
		{EEEE3353-89A2-4C01-BCE2-9D012DC6243C}.Release|Any CPU.ActiveCfg = Release|Any CPU
		{EEEE3353-89A2-4C01-BCE2-9D012DC6243C}.Release|Any CPU.Build.0 = Release|Any CPU
	EndGlobalSection
	GlobalSection(SolutionProperties) = preSolution
		HideSolutionNode = FALSE
	EndGlobalSection
	GlobalSection(ExtensibilityGlobals) = postSolution
		SolutionGuid = {24ADE367-990C-4DFB-81C5-FACFEF0ACD7C}
	EndGlobalSection
EndGlobal
